<?xml version="1.0" encoding="utf-8"?>
<Project ToolsVersion="4.0" xmlns="http://schemas.microsoft.com/developer/msbuild/2003">
  <ItemGroup>
    <Filter Include="Source Files">
      <UniqueIdentifier>{4FC737F1-C7A5-4376-A066-2A32D752A2FF}</UniqueIdentifier>
      <Extensions>cpp;c;cc;cxx;def;odl;idl;hpj;bat;asm;asmx</Extensions>
    </Filter>
    <Filter Include="Header Files">
      <UniqueIdentifier>{93995380-89BD-4b04-88EB-625FBE52EBFB}</UniqueIdentifier>
      <Extensions>h;hpp;hxx;hm;inl;inc;xsd</Extensions>
    </Filter>
    <Filter Include="Resource Files">
      <UniqueIdentifier>{67DA6AB6-F800-4c08-8B7A-83BB121AAD01}</UniqueIdentifier>
      <Extensions>rc;ico;cur;bmp;dlg;rc2;rct;bin;rgs;gif;jpg;jpeg;jpe;resx;tiff;tif;png;wav;mfcribbon-ms</Extensions>
    </Filter>
  </ItemGroup>
  <ItemGroup>
    <ClInclude Include="stdafx.h">
      <Filter>Header Files</Filter>
    </ClInclude>
    <ClInclude Include="targetver.h">
      <Filter>Header Files</Filter>
    </ClInclude>
    <ClInclude Include="config.h">
      <Filter>Header Files</Filter>
    </ClInclude>
    <ClInclude Include="player_log.h">
      <Filter>Header Files</Filter>
    </ClInclude>
    <ClInclude Include="inttypes.h">
      <Filter>Header Files</Filter>
    </ClInclude>
    <ClInclude Include="stdint.h">
      <Filter>Header Files</Filter>
    </ClInclude>
    <ClInclude Include="unistd.h">
      <Filter>Header Files</Filter>
    </ClInclude>
    <ClInclude Include="version.h">
      <Filter>Header Files</Filter>
    </ClInclude>
    <ClInclude Include="player_queue.h">
      <Filter>Header Files</Filter>
    </ClInclude>
    <ClInclude Include="include\live555\groupsock\NetCommon.h">
      <Filter>Header Files</Filter>
    </ClInclude>
    <ClInclude Include="include\ffmpeg\compat\msvcrt\snprintf.h">
      <Filter>Header Files</Filter>
    </ClInclude>
    <ClInclude Include="include\ffmpeg\compat\va_copy.h">
      <Filter>Header Files</Filter>
    </ClInclude>
    <ClInclude Include="include\ffmpeg\libavcodec\avcodec.h">
      <Filter>Header Files</Filter>
    </ClInclude>
    <ClInclude Include="include\ffmpeg\libavcodec\avfft.h">
      <Filter>Header Files</Filter>
    </ClInclude>
    <ClInclude Include="include\ffmpeg\libavcodec\dxva2.h">
      <Filter>Header Files</Filter>
    </ClInclude>
    <ClInclude Include="include\ffmpeg\libavcodec\old_codec_ids.h">
      <Filter>Header Files</Filter>
    </ClInclude>
    <ClInclude Include="include\ffmpeg\libavcodec\vaapi.h">
      <Filter>Header Files</Filter>
    </ClInclude>
    <ClInclude Include="include\ffmpeg\libavcodec\vda.h">
      <Filter>Header Files</Filter>
    </ClInclude>
    <ClInclude Include="include\ffmpeg\libavcodec\vdpau.h">
      <Filter>Header Files</Filter>
    </ClInclude>
    <ClInclude Include="include\ffmpeg\libavcodec\version.h">
      <Filter>Header Files</Filter>
    </ClInclude>
    <ClInclude Include="include\ffmpeg\libavcodec\xvmc.h">
      <Filter>Header Files</Filter>
    </ClInclude>
    <ClInclude Include="include\ffmpeg\libavdevice\avdevice.h">
      <Filter>Header Files</Filter>
    </ClInclude>
    <ClInclude Include="include\ffmpeg\libavdevice\version.h">
      <Filter>Header Files</Filter>
    </ClInclude>
    <ClInclude Include="include\ffmpeg\libavfilter\asrc_abuffer.h">
      <Filter>Header Files</Filter>
    </ClInclude>
    <ClInclude Include="include\ffmpeg\libavfilter\avcodec.h">
      <Filter>Header Files</Filter>
    </ClInclude>
    <ClInclude Include="include\ffmpeg\libavfilter\avfilter.h">
      <Filter>Header Files</Filter>
    </ClInclude>
    <ClInclude Include="include\ffmpeg\libavfilter\avfiltergraph.h">
      <Filter>Header Files</Filter>
    </ClInclude>
    <ClInclude Include="include\ffmpeg\libavfilter\buffersink.h">
      <Filter>Header Files</Filter>
    </ClInclude>
    <ClInclude Include="include\ffmpeg\libavfilter\buffersrc.h">
      <Filter>Header Files</Filter>
    </ClInclude>
    <ClInclude Include="include\ffmpeg\libavfilter\version.h">
      <Filter>Header Files</Filter>
    </ClInclude>
    <ClInclude Include="include\ffmpeg\libavformat\avformat.h">
      <Filter>Header Files</Filter>
    </ClInclude>
    <ClInclude Include="include\ffmpeg\libavformat\avio.h">
      <Filter>Header Files</Filter>
    </ClInclude>
    <ClInclude Include="include\ffmpeg\libavformat\network.h">
      <Filter>Header Files</Filter>
    </ClInclude>
    <ClInclude Include="include\ffmpeg\libavformat\os_support.h">
      <Filter>Header Files</Filter>
    </ClInclude>
    <ClInclude Include="include\ffmpeg\libavformat\version.h">
      <Filter>Header Files</Filter>
    </ClInclude>
    <ClInclude Include="include\ffmpeg\libavresample\avresample.h">
      <Filter>Header Files</Filter>
    </ClInclude>
    <ClInclude Include="include\ffmpeg\libavresample\version.h">
      <Filter>Header Files</Filter>
    </ClInclude>
    <ClInclude Include="include\ffmpeg\libavutil\adler32.h">
      <Filter>Header Files</Filter>
    </ClInclude>
    <ClInclude Include="include\ffmpeg\libavutil\aes.h">
      <Filter>Header Files</Filter>
    </ClInclude>
    <ClInclude Include="include\ffmpeg\libavutil\attributes.h">
      <Filter>Header Files</Filter>
    </ClInclude>
    <ClInclude Include="include\ffmpeg\libavutil\audio_fifo.h">
      <Filter>Header Files</Filter>
    </ClInclude>
    <ClInclude Include="include\ffmpeg\libavutil\audioconvert.h">
      <Filter>Header Files</Filter>
    </ClInclude>
    <ClInclude Include="include\ffmpeg\libavutil\avassert.h">
      <Filter>Header Files</Filter>
    </ClInclude>
    <ClInclude Include="include\ffmpeg\libavutil\avconfig.h">
      <Filter>Header Files</Filter>
    </ClInclude>
    <ClInclude Include="include\ffmpeg\libavutil\avstring.h">
      <Filter>Header Files</Filter>
    </ClInclude>
    <ClInclude Include="include\ffmpeg\libavutil\avutil.h">
      <Filter>Header Files</Filter>
    </ClInclude>
    <ClInclude Include="include\ffmpeg\libavutil\base64.h">
      <Filter>Header Files</Filter>
    </ClInclude>
    <ClInclude Include="include\ffmpeg\libavutil\blowfish.h">
      <Filter>Header Files</Filter>
    </ClInclude>
    <ClInclude Include="include\ffmpeg\libavutil\bprint.h">
      <Filter>Header Files</Filter>
    </ClInclude>
    <ClInclude Include="include\ffmpeg\libavutil\bswap.h">
      <Filter>Header Files</Filter>
    </ClInclude>
    <ClInclude Include="include\ffmpeg\libavutil\colorspace.h">
      <Filter>Header Files</Filter>
    </ClInclude>
    <ClInclude Include="include\ffmpeg\libavutil\common.h">
      <Filter>Header Files</Filter>
    </ClInclude>
    <ClInclude Include="include\ffmpeg\libavutil\cpu.h">
      <Filter>Header Files</Filter>
    </ClInclude>
    <ClInclude Include="include\ffmpeg\libavutil\crc.h">
      <Filter>Header Files</Filter>
    </ClInclude>
    <ClInclude Include="include\ffmpeg\libavutil\dict.h">
      <Filter>Header Files</Filter>
    </ClInclude>
    <ClInclude Include="include\ffmpeg\libavutil\error.h">
      <Filter>Header Files</Filter>
    </ClInclude>
    <ClInclude Include="include\ffmpeg\libavutil\eval.h">
      <Filter>Header Files</Filter>
    </ClInclude>
    <ClInclude Include="include\ffmpeg\libavutil\fifo.h">
      <Filter>Header Files</Filter>
    </ClInclude>
    <ClInclude Include="include\ffmpeg\libavutil\file.h">
      <Filter>Header Files</Filter>
    </ClInclude>
    <ClInclude Include="include\ffmpeg\libavutil\imgutils.h">
      <Filter>Header Files</Filter>
    </ClInclude>
    <ClInclude Include="include\ffmpeg\libavutil\intfloat.h">
      <Filter>Header Files</Filter>
    </ClInclude>
    <ClInclude Include="include\ffmpeg\libavutil\intfloat_readwrite.h">
      <Filter>Header Files</Filter>
    </ClInclude>
    <ClInclude Include="include\ffmpeg\libavutil\intreadwrite.h">
      <Filter>Header Files</Filter>
    </ClInclude>
    <ClInclude Include="include\ffmpeg\libavutil\lfg.h">
      <Filter>Header Files</Filter>
    </ClInclude>
    <ClInclude Include="include\ffmpeg\libavutil\log.h">
      <Filter>Header Files</Filter>
    </ClInclude>
    <ClInclude Include="include\ffmpeg\libavutil\lzo.h">
      <Filter>Header Files</Filter>
    </ClInclude>
    <ClInclude Include="include\ffmpeg\libavutil\mathematics.h">
      <Filter>Header Files</Filter>
    </ClInclude>
    <ClInclude Include="include\ffmpeg\libavutil\md5.h">
      <Filter>Header Files</Filter>
    </ClInclude>
    <ClInclude Include="include\ffmpeg\libavutil\mem.h">
      <Filter>Header Files</Filter>
    </ClInclude>
    <ClInclude Include="include\ffmpeg\libavutil\opt.h">
      <Filter>Header Files</Filter>
    </ClInclude>
    <ClInclude Include="include\ffmpeg\libavutil\parseutils.h">
      <Filter>Header Files</Filter>
    </ClInclude>
    <ClInclude Include="include\ffmpeg\libavutil\pixdesc.h">
      <Filter>Header Files</Filter>
    </ClInclude>
    <ClInclude Include="include\ffmpeg\libavutil\pixfmt.h">
      <Filter>Header Files</Filter>
    </ClInclude>
    <ClInclude Include="include\ffmpeg\libavutil\random_seed.h">
      <Filter>Header Files</Filter>
    </ClInclude>
    <ClInclude Include="include\ffmpeg\libavutil\rational.h">
      <Filter>Header Files</Filter>
    </ClInclude>
    <ClInclude Include="include\ffmpeg\libavutil\samplefmt.h">
      <Filter>Header Files</Filter>
    </ClInclude>
    <ClInclude Include="include\ffmpeg\libavutil\sha.h">
      <Filter>Header Files</Filter>
    </ClInclude>
    <ClInclude Include="include\ffmpeg\libavutil\time.h">
      <Filter>Header Files</Filter>
    </ClInclude>
    <ClInclude Include="include\ffmpeg\libavutil\timecode.h">
      <Filter>Header Files</Filter>
    </ClInclude>
    <ClInclude Include="include\ffmpeg\libavutil\timestamp.h">
      <Filter>Header Files</Filter>
    </ClInclude>
    <ClInclude Include="include\ffmpeg\libavutil\version.h">
      <Filter>Header Files</Filter>
    </ClInclude>
    <ClInclude Include="include\ffmpeg\libavutil\xtea.h">
      <Filter>Header Files</Filter>
    </ClInclude>
    <ClInclude Include="include\ffmpeg\libswresample\swresample.h">
      <Filter>Header Files</Filter>
    </ClInclude>
    <ClInclude Include="include\ffmpeg\libswscale\swscale.h">
      <Filter>Header Files</Filter>
    </ClInclude>
    <ClInclude Include="include\ffmpeg\libswscale\version.h">
      <Filter>Header Files</Filter>
    </ClInclude>
    <ClInclude Include="include\sdl\begin_code.h">
      <Filter>Header Files</Filter>
    </ClInclude>
    <ClInclude Include="include\sdl\close_code.h">
      <Filter>Header Files</Filter>
    </ClInclude>
    <ClInclude Include="include\sdl\SDL.h">
      <Filter>Header Files</Filter>
    </ClInclude>
    <ClInclude Include="include\sdl\SDL_active.h">
      <Filter>Header Files</Filter>
    </ClInclude>
    <ClInclude Include="include\sdl\SDL_audio.h">
      <Filter>Header Files</Filter>
    </ClInclude>
    <ClInclude Include="include\sdl\SDL_byteorder.h">
      <Filter>Header Files</Filter>
    </ClInclude>
    <ClInclude Include="include\sdl\SDL_cdrom.h">
      <Filter>Header Files</Filter>
    </ClInclude>
    <ClInclude Include="include\sdl\SDL_config.h">
      <Filter>Header Files</Filter>
    </ClInclude>
    <ClInclude Include="include\sdl\SDL_config_dreamcast.h">
      <Filter>Header Files</Filter>
    </ClInclude>
    <ClInclude Include="include\sdl\SDL_config_macos.h">
      <Filter>Header Files</Filter>
    </ClInclude>
    <ClInclude Include="include\sdl\SDL_config_macosx.h">
      <Filter>Header Files</Filter>
    </ClInclude>
    <ClInclude Include="include\sdl\SDL_config_minimal.h">
      <Filter>Header Files</Filter>
    </ClInclude>
    <ClInclude Include="include\sdl\SDL_config_nds.h">
      <Filter>Header Files</Filter>
    </ClInclude>
    <ClInclude Include="include\sdl\SDL_config_os2.h">
      <Filter>Header Files</Filter>
    </ClInclude>
    <ClInclude Include="include\sdl\SDL_config_symbian.h">
      <Filter>Header Files</Filter>
    </ClInclude>
    <ClInclude Include="include\sdl\SDL_config_win32.h">
      <Filter>Header Files</Filter>
    </ClInclude>
    <ClInclude Include="include\sdl\SDL_copying.h">
      <Filter>Header Files</Filter>
    </ClInclude>
    <ClInclude Include="include\sdl\SDL_cpuinfo.h">
      <Filter>Header Files</Filter>
    </ClInclude>
    <ClInclude Include="include\sdl\SDL_endian.h">
      <Filter>Header Files</Filter>
    </ClInclude>
    <ClInclude Include="include\sdl\SDL_error.h">
      <Filter>Header Files</Filter>
    </ClInclude>
    <ClInclude Include="include\sdl\SDL_events.h">
      <Filter>Header Files</Filter>
    </ClInclude>
    <ClInclude Include="include\sdl\SDL_getenv.h">
      <Filter>Header Files</Filter>
    </ClInclude>
    <ClInclude Include="include\sdl\SDL_joystick.h">
      <Filter>Header Files</Filter>
    </ClInclude>
    <ClInclude Include="include\sdl\SDL_keyboard.h">
      <Filter>Header Files</Filter>
    </ClInclude>
    <ClInclude Include="include\sdl\SDL_keysym.h">
      <Filter>Header Files</Filter>
    </ClInclude>
    <ClInclude Include="include\sdl\SDL_loadso.h">
      <Filter>Header Files</Filter>
    </ClInclude>
    <ClInclude Include="include\sdl\SDL_main.h">
      <Filter>Header Files</Filter>
    </ClInclude>
    <ClInclude Include="include\sdl\SDL_mouse.h">
      <Filter>Header Files</Filter>
    </ClInclude>
    <ClInclude Include="include\sdl\SDL_mutex.h">
      <Filter>Header Files</Filter>
    </ClInclude>
    <ClInclude Include="include\sdl\SDL_name.h">
      <Filter>Header Files</Filter>
    </ClInclude>
    <ClInclude Include="include\sdl\SDL_opengl.h">
      <Filter>Header Files</Filter>
    </ClInclude>
    <ClInclude Include="include\sdl\SDL_platform.h">
      <Filter>Header Files</Filter>
    </ClInclude>
    <ClInclude Include="include\sdl\SDL_quit.h">
      <Filter>Header Files</Filter>
    </ClInclude>
    <ClInclude Include="include\sdl\SDL_rwops.h">
      <Filter>Header Files</Filter>
    </ClInclude>
    <ClInclude Include="include\sdl\SDL_stdinc.h">
      <Filter>Header Files</Filter>
    </ClInclude>
    <ClInclude Include="include\sdl\SDL_syswm.h">
      <Filter>Header Files</Filter>
    </ClInclude>
    <ClInclude Include="include\sdl\SDL_thread.h">
      <Filter>Header Files</Filter>
    </ClInclude>
    <ClInclude Include="include\sdl\SDL_timer.h">
      <Filter>Header Files</Filter>
    </ClInclude>
    <ClInclude Include="include\sdl\SDL_types.h">
      <Filter>Header Files</Filter>
    </ClInclude>
    <ClInclude Include="include\sdl\SDL_version.h">
      <Filter>Header Files</Filter>
    </ClInclude>
    <ClInclude Include="include\sdl\SDL_video.h">
      <Filter>Header Files</Filter>
    </ClInclude>
    <ClInclude Include="CFPlayer.h">
      <Filter>Source Files</Filter>
    </ClInclude>
    <ClInclude Include="fs_internal.h">
      <Filter>Source Files</Filter>
    </ClInclude>
    <ClInclude Include="OurRTSPClient.h">
      <Filter>Source Files</Filter>
    </ClInclude>
    <ClInclude Include="PlayRtsp.h">
      <Filter>Source Files</Filter>
    </ClInclude>
  </ItemGroup>
  <ItemGroup>
    <ClCompile Include="stdafx.cpp">
      <Filter>Source Files</Filter>
    </ClCompile>
    <ClCompile Include="FStreamer.cpp">
      <Filter>Source Files</Filter>
    </ClCompile>
    <ClCompile Include="CFPlayer.cpp">
      <Filter>Source Files</Filter>
    </ClCompile>
    <ClCompile Include="player_queue.cpp">
      <Filter>Source Files</Filter>
    </ClCompile>
    <ClCompile Include="testRTSPClient.cpp">
      <Filter>Source Files</Filter>
    </ClCompile>
    <ClCompile Include="OurRTSPClient.cpp">
      <Filter>Source Files</Filter>
    </ClCompile>
  </ItemGroup>
</Project>